// !$*UTF8*$!
{
	archiveVersion = 1;
	classes = {
	};
	objectVersion = 56;
	objects = {

/* Begin PBXBuildFile section */
		A6F6C11F2A03BDE10075FD9B /* AppDelegate.swift in Sources */ = {isa = PBXBuildFile; fileRef = A6F6C11E2A03BDE10075FD9B /* AppDelegate.swift */; };
		A6F6C1212A03BDE10075FD9B /* SceneDelegate.swift in Sources */ = {isa = PBXBuildFile; fileRef = A6F6C1202A03BDE10075FD9B /* SceneDelegate.swift */; };
		A6F6C1232A03BDE10075FD9B /* ViewController.swift in Sources */ = {isa = PBXBuildFile; fileRef = A6F6C1222A03BDE10075FD9B /* ViewController.swift */; };
		A6F6C1262A03BDE10075FD9B /* Main.storyboard in Resources */ = {isa = PBXBuildFile; fileRef = A6F6C1242A03BDE10075FD9B /* Main.storyboard */; };
		A6F6C1292A03BDE10075FD9B /* ResimDefterim.xcdatamodeld in Sources */ = {isa = PBXBuildFile; fileRef = A6F6C1272A03BDE10075FD9B /* ResimDefterim.xcdatamodeld */; };
		A6F6C12B2A03BDE30075FD9B /* Assets.xcassets in Resources */ = {isa = PBXBuildFile; fileRef = A6F6C12A2A03BDE30075FD9B /* Assets.xcassets */; };
		A6F6C12E2A03BDE30075FD9B /* LaunchScreen.storyboard in Resources */ = {isa = PBXBuildFile; fileRef = A6F6C12C2A03BDE30075FD9B /* LaunchScreen.storyboard */; };
		A6F6C1382A03D4330075FD9B /* Notlar.swift in Sources */ = {isa = PBXBuildFile; fileRef = A6F6C1372A03D4330075FD9B /* Notlar.swift */; };
		A6F6C13A2A03D4960075FD9B /* DetailsViewController.swift in Sources */ = {isa = PBXBuildFile; fileRef = A6F6C1392A03D4960075FD9B /* DetailsViewController.swift */; };
/* End PBXBuildFile section */

/* Begin PBXFileReference section */
		A6F6C11B2A03BDE10075FD9B /* ResimDefterim.app */ = {isa = PBXFileReference; explicitFileType = wrapper.application; includeInIndex = 0; path = ResimDefterim.app; sourceTree = BUILT_PRODUCTS_DIR; };
		A6F6C11E2A03BDE10075FD9B /* AppDelegate.swift */ = {isa = PBXFileReference; lastKnownFileType = sourcecode.swift; path = AppDelegate.swift; sourceTree = "<group>"; };
		A6F6C1202A03BDE10075FD9B /* SceneDelegate.swift */ = {isa = PBXFileReference; lastKnownFileType = sourcecode.swift; path = SceneDelegate.swift; sourceTree = "<group>"; };
		A6F6C1222A03BDE10075FD9B /* ViewController.swift */ = {isa = PBXFileReference; lastKnownFileType = sourcecode.swift; path = ViewController.swift; sourceTree = "<group>"; };
		A6F6C1252A03BDE10075FD9B /* Base */ = {isa = PBXFileReference; lastKnownFileType = file.storyboard; name = Base; path = Base.lproj/Main.storyboard; sourceTree = "<group>"; };
		A6F6C1282A03BDE10075FD9B /* ResimDefterim.xcdatamodel */ = {isa = PBXFileReference; lastKnownFileType = wrapper.xcdatamodel; path = ResimDefterim.xcdatamodel; sourceTree = "<group>"; };
		A6F6C12A2A03BDE30075FD9B /* Assets.xcassets */ = {isa = PBXFileReference; lastKnownFileType = folder.assetcatalog; path = Assets.xcassets; sourceTree = "<group>"; };
		A6F6C12D2A03BDE30075FD9B /* Base */ = {isa = PBXFileReference; lastKnownFileType = file.storyboard; name = Base; path = Base.lproj/LaunchScreen.storyboard; sourceTree = "<group>"; };
		A6F6C12F2A03BDE30075FD9B /* Info.plist */ = {isa = PBXFileReference; lastKnownFileType = text.plist.xml; path = Info.plist; sourceTree = "<group>"; };
		A6F6C1372A03D4330075FD9B /* Notlar.swift */ = {isa = PBXFileReference; lastKnownFileType = sourcecode.swift; path = Notlar.swift; sourceTree = "<group>"; };
		A6F6C1392A03D4960075FD9B /* DetailsViewController.swift */ = {isa = PBXFileReference; lastKnownFileType = sourcecode.swift; path = DetailsViewController.swift; sourceTree = "<group>"; };
/* End PBXFileReference section */

/* Begin PBXFrameworksBuildPhase section */
		A6F6C1182A03BDE10075FD9B /* Frameworks */ = {
			isa = PBXFrameworksBuildPhase;
			buildActionMask = 2147483647;
			files = (
			);
			runOnlyForDeploymentPostprocessing = 0;
		};
/* End PBXFrameworksBuildPhase section */

/* Begin PBXGroup section */
		A6F6C1122A03BDE10075FD9B = {
			isa = PBXGroup;
			children = (
				A6F6C11D2A03BDE10075FD9B /* ResimDefterim */,
				A6F6C11C2A03BDE10075FD9B /* Products */,
			);
			sourceTree = "<group>";
		};
		A6F6C11C2A03BDE10075FD9B /* Products */ = {
			isa = PBXGroup;
			children = (
				A6F6C11B2A03BDE10075FD9B /* ResimDefterim.app */,
			);
			name = Products;
			sourceTree = "<group>";
		};
		A6F6C11D2A03BDE10075FD9B /* ResimDefterim */ = {
			isa = PBXGroup;
			children = (
				A6F6C11E2A03BDE10075FD9B /* AppDelegate.swift */,
				A6F6C1202A03BDE10075FD9B /* SceneDelegate.swift */,
				A6F6C1222A03BDE10075FD9B /* ViewController.swift */,
				A6F6C1392A03D4960075FD9B /* DetailsViewController.swift */,
				A6F6C1372A03D4330075FD9B /* Notlar.swift */,
				A6F6C1242A03BDE10075FD9B /* Main.storyboard */,
				A6F6C12A2A03BDE30075FD9B /* Assets.xcassets */,
				A6F6C12C2A03BDE30075FD9B /* LaunchScreen.storyboard */,
				A6F6C12F2A03BDE30075FD9B /* Info.plist */,
				A6F6C1272A03BDE10075FD9B /* ResimDefterim.xcdatamodeld */,
			);
			path = ResimDefterim;
			sourceTree = "<group>";
		};
/* End PBXGroup section */

/* Begin PBXNativeTarget section */
		A6F6C11A2A03BDE10075FD9B /* ResimDefterim */ = {
			isa = PBXNativeTarget;
			buildConfigurationList = A6F6C1322A03BDE30075FD9B /* Build configuration list for PBXNativeTarget "ResimDefterim" */;
			buildPhases = (
				A6F6C1172A03BDE10075FD9B /* Sources */,
				A6F6C1182A03BDE10075FD9B /* Frameworks */,
				A6F6C1192A03BDE10075FD9B /* Resources */,
			);
			buildRules = (
			);
			dependencies = (
			);
			name = ResimDefterim;
			productName = ResimDefterim;
			productReference = A6F6C11B2A03BDE10075FD9B /* ResimDefterim.app */;
			productType = "com.apple.product-type.application";
		};
/* End PBXNativeTarget section */

/* Begin PBXProject section */
		A6F6C1132A03BDE10075FD9B /* Project object */ = {
			isa = PBXProject;
			attributes = {
				BuildIndependentTargetsInParallel = 1;
				LastSwiftUpdateCheck = 1430;
				LastUpgradeCheck = 1430;
				TargetAttributes = {
					A6F6C11A2A03BDE10075FD9B = {
						CreatedOnToolsVersion = 14.3;
					};
				};
			};
			buildConfigurationList = A6F6C1162A03BDE10075FD9B /* Build configuration list for PBXProject "ResimDefterim" */;
			compatibilityVersion = "Xcode 14.0";
			developmentRegion = en;
			hasScannedForEncodings = 0;
			knownRegions = (
				en,
				Base,
			);
			mainGroup = A6F6C1122A03BDE10075FD9B;
			productRefGroup = A6F6C11C2A03BDE10075FD9B /* Products */;
			projectDirPath = "";
			projectRoot = "";
			targets = (
				A6F6C11A2A03BDE10075FD9B /* ResimDefterim */,
			);
		};
/* End PBXProject section */

/* Begin PBXResourcesBuildPhase section */
		A6F6C1192A03BDE10075FD9B /* Resources */ = {
			isa = PBXResourcesBuildPhase;
			buildActionMask = 2147483647;
			files = (
				A6F6C12E2A03BDE30075FD9B /* LaunchScreen.storyboard in Resources */,
				A6F6C12B2A03BDE30075FD9B /* Assets.xcassets in Resources */,
				A6F6C1262A03BDE10075FD9B /* Main.storyboard in Resources */,
			);
			runOnlyForDeploymentPostprocessing = 0;
		};
/* End PBXResourcesBuildPhase section */

/* Begin PBXSourcesBuildPhase section */
		A6F6C1172A03BDE10075FD9B /* Sources */ = {
			isa = PBXSourcesBuildPhase;
			buildActionMask = 2147483647;
			files = (
				A6F6C1232A03BDE10075FD9B /* ViewController.swift in Sources */,
				A6F6C11F2A03BDE10075FD9B /* AppDelegate.swift in Sources */,
				A6F6C1382A03D4330075FD9B /* Notlar.swift in Sources */,
				A6F6C1292A03BDE10075FD9B /* ResimDefterim.xcdatamodeld in Sources */,
				A6F6C1212A03BDE10075FD9B /* SceneDelegate.swift in Sources */,
				A6F6C13A2A03D4960075FD9B /* DetailsViewController.swift in Sources */,
			);
			runOnlyForDeploymentPostprocessing = 0;
		};
/* End PBXSourcesBuildPhase section */

/* Begin PBXVariantGroup section */
		A6F6C1242A03BDE10075FD9B /* Main.storyboard */ = {
			isa = PBXVariantGroup;
			children = (
				A6F6C1252A03BDE10075FD9B /* Base */,
			);
			name = Main.storyboard;
			sourceTree = "<group>";
		};
		A6F6C12C2A03BDE30075FD9B /* LaunchScreen.storyboard */ = {
			isa = PBXVariantGroup;
			children = (
				A6F6C12D2A03BDE30075FD9B /* Base */,
			);
			name = LaunchScreen.storyboard;
			sourceTree = "<group>";
		};
/* End PBXVariantGroup section */

/* Begin XCBuildConfiguration section */
		A6F6C1302A03BDE30075FD9B /* Debug */ = {
			isa = XCBuildConfiguration;
			buildSettings = {
				ALWAYS_SEARCH_USER_PATHS = NO;
				CLANG_ANALYZER_NONNULL = YES;
				CLANG_ANALYZER_NUMBER_OBJECT_CONVERSION = YES_AGGRESSIVE;
				CLANG_CXX_LANGUAGE_STANDARD = "gnu++20";
				CLANG_ENABLE_MODULES = YES;
				CLANG_ENABLE_OBJC_ARC = YES;
				CLANG_ENABLE_OBJC_WEAK = YES;
				CLANG_WARN_BLOCK_CAPTURE_AUTORELEASING = YES;
				CLANG_WARN_BOOL_CONVERSION = YES;
				CLANG_WARN_COMMA = YES;
				CLANG_WARN_CONSTANT_CONVERSION = YES;
				CLANG_WARN_DEPRECATED_OBJC_IMPLEMENTATIONS = YES;
				CLANG_WARN_DIRECT_OBJC_ISA_USAGE = YES_ERROR;
				CLANG_WARN_DOCUMENTATION_COMMENTS = YES;
				CLANG_WARN_EMPTY_BODY = YES;
				CLANG_WARN_ENUM_CONVERSION = YES;
				CLANG_WARN_INFINITE_RECURSION = YES;
				CLANG_WARN_INT_CONVERSION = YES;
				CLANG_WARN_NON_LITERAL_NULL_CONVERSION = YES;
				CLANG_WARN_OBJC_IMPLICIT_RETAIN_SELF = YES;
				CLANG_WARN_OBJC_LITERAL_CONVERSION = YES;
				CLANG_WARN_OBJC_ROOT_CLASS = YES_ERROR;
				CLANG_WARN_QUOTED_INCLUDE_IN_FRAMEWORK_HEADER = YES;
				CLANG_WARN_RANGE_LOOP_ANALYSIS = YES;
				CLANG_WARN_STRICT_PROTOTYPES = YES;
				CLANG_WARN_SUSPICIOUS_MOVE = YES;
				CLANG_WARN_UNGUARDED_AVAILABILITY = YES_AGGRESSIVE;
				CLANG_WARN_UNREACHABLE_CODE = YES;
				CLANG_WARN__DUPLICATE_METHOD_MATCH = YES;
				COPY_PHASE_STRIP = NO;
				DEBUG_INFORMATION_FORMAT = dwarf;
				ENABLE_STRICT_OBJC_MSGSEND = YES;
				ENABLE_TESTABILITY = YES;
				GCC_C_LANGUAGE_STANDARD = gnu11;
				GCC_DYNAMIC_NO_PIC = NO;
				GCC_NO_COMMON_BLOCKS = YES;
				GCC_OPTIMIZATION_LEVEL = 0;
				GCC_PREPROCESSOR_DEFINITIONS = (
					"DEBUG=1",
					"$(inherited)",
				);
				GCC_WARN_64_TO_32_BIT_CONVERSION = YES;
				GCC_WARN_ABOUT_RETURN_TYPE = YES_ERROR;
				GCC_WARN_UNDECLARED_SELECTOR = YES;
				GCC_WARN_UNINITIALIZED_AUTOS = YES_AGGRESSIVE;
				GCC_WARN_UNUSED_FUNCTION = YES;
				GCC_WARN_UNUSED_VARIABLE = YES;
				IPHONEOS_DEPLOYMENT_TARGET = 16.4;
				MTL_ENABLE_DEBUG_INFO = INCLUDE_SOURCE;
				MTL_FAST_MATH = YES;
				ONLY_ACTIVE_ARCH = YES;
				SDKROOT = iphoneos;
				SWIFT_ACTIVE_COMPILATION_CONDITIONS = DEBUG;
				SWIFT_OPTIMIZATION_LEVEL = "-Onone";
			};
			name = Debug;
		};
		A6F6C1312A03BDE30075FD9B /* Release */ = {
			isa = XCBuildConfiguration;
			buildSettings = {
				ALWAYS_SEARCH_USER_PATHS = NO;
				CLANG_ANALYZER_NONNULL = YES;
				CLANG_ANALYZER_NUMBER_OBJECT_CONVERSION = YES_AGGRESSIVE;
				CLANG_CXX_LANGUAGE_STANDARD = "gnu++20";
				CLANG_ENABLE_MODULES = YES;
				CLANG_ENABLE_OBJC_ARC = YES;
				CLANG_ENABLE_OBJC_WEAK = YES;
				CLANG_WARN_BLOCK_CAPTURE_AUTORELEASING = YES;
				CLANG_WARN_BOOL_CONVERSION = YES;
				CLANG_WARN_COMMA = YES;
				CLANG_WARN_CONSTANT_CONVERSION = YES;
				CLANG_WARN_DEPRECATED_OBJC_IMPLEMENTATIONS = YES;
				CLANG_WARN_DIRECT_OBJC_ISA_USAGE = YES_ERROR;
				CLANG_WARN_DOCUMENTATION_COMMENTS = YES;
				CLANG_WARN_EMPTY_BODY = YES;
				CLANG_WARN_ENUM_CONVERSION = YES;
				CLANG_WARN_INFINITE_RECURSION = YES;
				CLANG_WARN_INT_CONVERSION = YES;
				CLANG_WARN_NON_LITERAL_NULL_CONVERSION = YES;
				CLANG_WARN_OBJC_IMPLICIT_RETAIN_SELF = YES;
				CLANG_WARN_OBJC_LITERAL_CONVERSION = YES;
				CLANG_WARN_OBJC_ROOT_CLASS = YES_ERROR;
				CLANG_WARN_QUOTED_INCLUDE_IN_FRAMEWORK_HEADER = YES;
				CLANG_WARN_RANGE_LOOP_ANALYSIS = YES;
				CLANG_WARN_STRICT_PROTOTYPES = YES;
				CLANG_WARN_SUSPICIOUS_MOVE = YES;
				CLANG_WARN_UNGUARDED_AVAILABILITY = YES_AGGRESSIVE;
				CLANG_WARN_UNREACHABLE_CODE = YES;
				CLANG_WARN__DUPLICATE_METHOD_MATCH = YES;
				COPY_PHASE_STRIP = NO;
				DEBUG_INFORMATION_FORMAT = "dwarf-with-dsym";
				ENABLE_NS_ASSERTIONS = NO;
				ENABLE_STRICT_OBJC_MSGSEND = YES;
				GCC_C_LANGUAGE_STANDARD = gnu11;
				GCC_NO_COMMON_BLOCKS = YES;
				GCC_WARN_64_TO_32_BIT_CONVERSION = YES;
				GCC_WARN_ABOUT_RETURN_TYPE = YES_ERROR;
				GCC_WARN_UNDECLARED_SELECTOR = YES;
				GCC_WARN_UNINITIALIZED_AUTOS = YES_AGGRESSIVE;
				GCC_WARN_UNUSED_FUNCTION = YES;
				GCC_WARN_UNUSED_VARIABLE = YES;
				IPHONEOS_DEPLOYMENT_TARGET = 16.4;
				MTL_ENABLE_DEBUG_INFO = NO;
				MTL_FAST_MATH = YES;
				SDKROOT = iphoneos;
				SWIFT_COMPILATION_MODE = wholemodule;
				SWIFT_OPTIMIZATION_LEVEL = "-O";
				VALIDATE_PRODUCT = YES;
			};
			name = Release;
		};
		A6F6C1332A03BDE30075FD9B /* Debug */ = {
			isa = XCBuildConfiguration;
			buildSettings = {
				ASSETCATALOG_COMPILER_APPICON_NAME = AppIcon;
				ASSETCATALOG_COMPILER_GLOBAL_ACCENT_COLOR_NAME = AccentColor;
				CODE_SIGN_STYLE = Automatic;
				CURRENT_PROJECT_VERSION = 1;
				GENERATE_INFOPLIST_FILE = YES;
				INFOPLIST_FILE = ResimDefterim/Info.plist;
				INFOPLIST_KEY_UIApplicationSupportsIndirectInputEvents = YES;
				INFOPLIST_KEY_UILaunchStoryboardName = LaunchScreen;
				INFOPLIST_KEY_UIMainStoryboardFile = Main;
				INFOPLIST_KEY_UISupportedInterfaceOrientations_iPad = "UIInterfaceOrientationPortrait UIInterfaceOrientationPortraitUpsideDown UIInterfaceOrientationLandscapeLeft UIInterfaceOrientationLandscapeRight";
				INFOPLIST_KEY_UISupportedInterfaceOrientations_iPhone = "UIInterfaceOrientationPortrait UIInterfaceOrientationLandscapeLeft UIInterfaceOrientationLandscapeRight";
				LD_RUNPATH_SEARCH_PATHS = (
					"$(inherited)",
					"@executable_path/Frameworks",
				);
				MARKETING_VERSION = 1.0;
				PRODUCT_BUNDLE_IDENTIFIER = com.zehracoskun.ResimDefterim;
				PRODUCT_NAME = "$(TARGET_NAME)";
				SWIFT_EMIT_LOC_STRINGS = YES;
				SWIFT_VERSION = 5.0;
				TARGETED_DEVICE_FAMILY = "1,2";
			};
			name = Debug;
		};
		A6F6C1342A03BDE30075FD9B /* Release */ = {
			isa = XCBuildConfiguration;
			buildSettings = {
				ASSETCATALOG_COMPILER_APPICON_NAME = AppIcon;
				ASSETCATALOG_COMPILER_GLOBAL_ACCENT_COLOR_NAME = AccentColor;
				CODE_SIGN_STYLE = Automatic;
				CURRENT_PROJECT_VERSION = 1;
				GENERATE_INFOPLIST_FILE = YES;
				INFOPLIST_FILE = ResimDefterim/Info.plist;
				INFOPLIST_KEY_UIApplicationSupportsIndirectInputEvents = YES;
				INFOPLIST_KEY_UILaunchStoryboardName = LaunchScreen;
				INFOPLIST_KEY_UIMainStoryboardFile = Main;
				INFOPLIST_KEY_UISupportedInterfaceOrientations_iPad = "UIInterfaceOrientationPortrait UIInterfaceOrientationPortraitUpsideDown UIInterfaceOrientationLandscapeLeft UIInterfaceOrientationLandscapeRight";
				INFOPLIST_KEY_UISupportedInterfaceOrientations_iPhone = "UIInterfaceOrientationPortrait UIInterfaceOrientationLandscapeLeft UIInterfaceOrientationLandscapeRight";
				LD_RUNPATH_SEARCH_PATHS = (
					"$(inherited)",
					"@executable_path/Frameworks",
				);
				MARKETING_VERSION = 1.0;
				PRODUCT_BUNDLE_IDENTIFIER = com.zehracoskun.ResimDefterim;
				PRODUCT_NAME = "$(TARGET_NAME)";
				SWIFT_EMIT_LOC_STRINGS = YES;
				SWIFT_VERSION = 5.0;
				TARGETED_DEVICE_FAMILY = "1,2";
			};
			name = Release;
		};
/* End XCBuildConfiguration section */

/* Begin XCConfigurationList section */
		A6F6C1162A03BDE10075FD9B /* Build configuration list for PBXProject "ResimDefterim" */ = {
			isa = XCConfigurationList;
			buildConfigurations = (
				A6F6C1302A03BDE30075FD9B /* Debug */,
				A6F6C1312A03BDE30075FD9B /* Release */,
			);
			defaultConfigurationIsVisible = 0;
			defaultConfigurationName = Release;
		};
		A6F6C1322A03BDE30075FD9B /* Build configuration list for PBXNativeTarget "ResimDefterim" */ = {
			isa = XCConfigurationList;
			buildConfigurations = (
				A6F6C1332A03BDE30075FD9B /* Debug */,
				A6F6C1342A03BDE30075FD9B /* Release */,
			);
			defaultConfigurationIsVisible = 0;
			defaultConfigurationName = Release;
		};
/* End XCConfigurationList section */

/* Begin XCVersionGroup section */
		A6F6C1272A03BDE10075FD9B /* ResimDefterim.xcdatamodeld */ = {
			isa = XCVersionGroup;
			children = (
				A6F6C1282A03BDE10075FD9B /* ResimDefterim.xcdatamodel */,
			);
			currentVersion = A6F6C1282A03BDE10075FD9B /* ResimDefterim.xcdatamodel */;
			path = ResimDefterim.xcdatamodeld;
			sourceTree = "<group>";
			versionGroupType = wrapper.xcdatamodel;
		};
/* End XCVersionGroup section */
	};
	rootObject = A6F6C1132A03BDE10075FD9B /* Project object */;
}
